{
  "requires": true,
  "lockfileVersion": 1,
  "dependencies": {
    "baguettebox.js": {
      "version": "1.11.1",
      "resolved": "https://registry.npmjs.org/baguettebox.js/-/baguettebox.js-1.11.1.tgz",
      "integrity": "sha512-0HnUVs+xaqwQOVbfi0kwZnZ1fJNWE5vJLCoCAtgQBtPmOJa1fhN8gubaBFOBGDkQy/vz6PWSr7B3WilhQKjyeQ=="
    }
  }
}
